// !$*UTF8*$!
{
	archiveVersion = 1;
	classes = {
	};
	objectVersion = 46;
	objects = {

/* Begin PBXBuildFile section */
		5BEB2F4620AAA0BC00FD0D91 /* main.m in Sources */ = {isa = PBXBuildFile; fileRef = 5BEB2F4520AAA0BC00FD0D91 /* main.m */; };
		5BEB2F4920AAA0BC00FD0D91 /* AppDelegate.m in Sources */ = {isa = PBXBuildFile; fileRef = 5BEB2F4820AAA0BC00FD0D91 /* AppDelegate.m */; };
		5BEB2F4C20AAA0BC00FD0D91 /* ViewController.m in Sources */ = {isa = PBXBuildFile; fileRef = 5BEB2F4B20AAA0BC00FD0D91 /* ViewController.m */; };
		5BEB2F4F20AAA0BC00FD0D91 /* Main.storyboard in Resources */ = {isa = PBXBuildFile; fileRef = 5BEB2F4D20AAA0BC00FD0D91 /* Main.storyboard */; };
		5BEB2F5120AAA0BD00FD0D91 /* Assets.xcassets in Resources */ = {isa = PBXBuildFile; fileRef = 5BEB2F5020AAA0BD00FD0D91 /* Assets.xcassets */; };
		5BEB2F5420AAA0BD00FD0D91 /* LaunchScreen.storyboard in Resources */ = {isa = PBXBuildFile; fileRef = 5BEB2F5220AAA0BD00FD0D91 /* LaunchScreen.storyboard */; };
/* End PBXBuildFile section */

/* Begin PBXFileReference section */
		5BEB2F4120AAA0BC00FD0D91 /* TestTable.app */ = {isa = PBXFileReference; explicitFileType = wrapper.application; includeInIndex = 0; path = TestTable.app; sourceTree = BUILT_PRODUCTS_DIR; };
		5BEB2F4520AAA0BC00FD0D91 /* main.m */ = {isa = PBXFileReference; lastKnownFileType = sourcecode.c.objc; path = main.m; sourceTree = "<group>"; };
		5BEB2F4720AAA0BC00FD0D91 /* AppDelegate.h */ = {isa = PBXFileReference; lastKnownFileType = sourcecode.c.h; path = AppDelegate.h; sourceTree = "<group>"; };
		5BEB2F4820AAA0BC00FD0D91 /* AppDelegate.m */ = {isa = PBXFileReference; lastKnownFileType = sourcecode.c.objc; path = AppDelegate.m; sourceTree = "<group>"; };
		5BEB2F4A20AAA0BC00FD0D91 /* ViewController.h */ = {isa = PBXFileReference; lastKnownFileType = sourcecode.c.h; path = ViewController.h; sourceTree = "<group>"; };
		5BEB2F4B20AAA0BC00FD0D91 /* ViewController.m */ = {isa = PBXFileReference; lastKnownFileType = sourcecode.c.objc; path = ViewController.m; sourceTree = "<group>"; };
		5BEB2F4E20AAA0BC00FD0D91 /* Base */ = {isa = PBXFileReference; lastKnownFileType = file.storyboard; name = Base; path = Base.lproj/Main.storyboard; sourceTree = "<group>"; };
		5BEB2F5020AAA0BD00FD0D91 /* Assets.xcassets */ = {isa = PBXFileReference; lastKnownFileType = folder.assetcatalog; path = Assets.xcassets; sourceTree = "<group>"; };
		5BEB2F5320AAA0BD00FD0D91 /* Base */ = {isa = PBXFileReference; lastKnownFileType = file.storyboard; name = Base; path = Base.lproj/LaunchScreen.storyboard; sourceTree = "<group>"; };
		5BEB2F5520AAA0BD00FD0D91 /* Info.plist */ = {isa = PBXFileReference; lastKnownFileType = text.plist.xml; path = Info.plist; sourceTree = "<group>"; };
/* End PBXFileReference section */

/* Begin PBXFrameworksBuildPhase section */
		5BEB2F3E20AAA0BC00FD0D91 /* Frameworks */ = {
			isa = PBXFrameworksBuildPhase;
			buildActionMask = 2147483647;
			files = (
			);
			runOnlyForDeploymentPostprocessing = 0;
		};
/* End PBXFrameworksBuildPhase section */

/* Begin PBXGroup section */
		5BEB2F3820AAA0BB00FD0D91 = {
			isa = PBXGroup;
			children = (
				5BEB2F4320AAA0BC00FD0D91 /* TestTable */,
				5BEB2F4220AAA0BC00FD0D91 /* Products */,
			);
			sourceTree = "<group>";
		};
		5BEB2F4220AAA0BC00FD0D91 /* Products */ = {
			isa = PBXGroup;
			children = (
				5BEB2F4120AAA0BC00FD0D91 /* TestTable.app */,
			);
			name = Products;
			sourceTree = "<group>";
		};
		5BEB2F4320AAA0BC00FD0D91 /* TestTable */ = {
			isa = PBXGroup;
			children = (
				5BEB2F4720AAA0BC00FD0D91 /* AppDelegate.h */,
				5BEB2F4820AAA0BC00FD0D91 /* AppDelegate.m */,
				5BEB2F4A20AAA0BC00FD0D91 /* ViewController.h */,
				5BEB2F4B20AAA0BC00FD0D91 /* ViewController.m */,
				5BEB2F4D20AAA0BC00FD0D91 /* Main.storyboard */,
				5BEB2F5020AAA0BD00FD0D91 /* Assets.xcassets */,
				5BEB2F5220AAA0BD00FD0D91 /* LaunchScreen.storyboard */,
				5BEB2F5520AAA0BD00FD0D91 /* Info.plist */,
				5BEB2F4420AAA0BC00FD0D91 /* Supporting Files */,
			);
			path = TestTable;
			sourceTree = "<group>";
		};
		5BEB2F4420AAA0BC00FD0D91 /* Supporting Files */ = {
			isa = PBXGroup;
			children = (
				5BEB2F4520AAA0BC00FD0D91 /* main.m */,
			);
			name = "Supporting Files";
			sourceTree = "<group>";
		};
/* End PBXGroup section */

/* Begin PBXNativeTarget section */
		5BEB2F4020AAA0BC00FD0D91 /* TestTable */ = {
			isa = PBXNativeTarget;
			buildConfigurationList = 5BEB2F5820AAA0BD00FD0D91 /* Build configuration list for PBXNativeTarget "TestTable" */;
			buildPhases = (
				5BEB2F3D20AAA0BC00FD0D91 /* Sources */,
				5BEB2F3E20AAA0BC00FD0D91 /* Frameworks */,
				5BEB2F3F20AAA0BC00FD0D91 /* Resources */,
			);
			buildRules = (
			);
			dependencies = (
			);
			name = TestTable;
			productName = TestTable;
			productReference = 5BEB2F4120AAA0BC00FD0D91 /* TestTable.app */;
			productType = "com.apple.product-type.application";
		};
/* End PBXNativeTarget section */

/* Begin PBXProject section */
		5BEB2F3920AAA0BB00FD0D91 /* Project object */ = {
			isa = PBXProject;
			attributes = {
				LastUpgradeCheck = 0820;
				ORGANIZATIONNAME = yida;
				TargetAttributes = {
					5BEB2F4020AAA0BC00FD0D91 = {
						CreatedOnToolsVersion = 8.2.1;
						ProvisioningStyle = Automatic;
					};
				};
			};
			buildConfigurationList = 5BEB2F3C20AAA0BB00FD0D91 /* Build configuration list for PBXProject "TestTable" */;
			compatibilityVersion = "Xcode 3.2";
			developmentRegion = English;
			hasScannedForEncodings = 0;
			knownRegions = (
				en,
				Base,
			);
			mainGroup = 5BEB2F3820AAA0BB00FD0D91;
			productRefGroup = 5BEB2F4220AAA0BC00FD0D91 /* Products */;
			projectDirPath = "";
			projectRoot = "";
			targets = (
				5BEB2F4020AAA0BC00FD0D91 /* TestTable */,
			);
		};
/* End PBXProject section */

/* Begin PBXResourcesBuildPhase section */
		5BEB2F3F20AAA0BC00FD0D91 /* Resources */ = {
			isa = PBXResourcesBuildPhase;
			buildActionMask = 2147483647;
			files = (
				5BEB2F5420AAA0BD00FD0D91 /* LaunchScreen.storyboard in Resources */,
				5BEB2F5120AAA0BD00FD0D91 /* Assets.xcassets in Resources */,
				5BEB2F4F20AAA0BC00FD0D91 /* Main.storyboard in Resources */,
			);
			runOnlyForDeploymentPostprocessing = 0;
		};
/* End PBXResourcesBuildPhase section */

/* Begin PBXSourcesBuildPhase section */
		5BEB2F3D20AAA0BC00FD0D91 /* Sources */ = {
			isa = PBXSourcesBuildPhase;
			buildActionMask = 2147483647;
			files = (
				5BEB2F4C20AAA0BC00FD0D91 /* ViewController.m in Sources */,
				5BEB2F4920AAA0BC00FD0D91 /* AppDelegate.m in Sources */,
				5BEB2F4620AAA0BC00FD0D91 /* main.m in Sources */,
			);
			runOnlyForDeploymentPostprocessing = 0;
		};
/* End PBXSourcesBuildPhase section */

/* Begin PBXVariantGroup section */
		5BEB2F4D20AAA0BC00FD0D91 /* Main.storyboard */ = {
			isa = PBXVariantGroup;
			children = (
				5BEB2F4E20AAA0BC00FD0D91 /* Base */,
			);
			name = Main.storyboard;
			sourceTree = "<group>";
		};
		5BEB2F5220AAA0BD00FD0D91 /* LaunchScreen.storyboard */ = {
			isa = PBXVariantGroup;
			children = (
				5BEB2F5320AAA0BD00FD0D91 /* Base */,
			);
			name = LaunchScreen.storyboard;
			sourceTree = "<group>";
		};
/* End PBXVariantGroup section */

/* Begin XCBuildConfiguration section */
		5BEB2F5620AAA0BD00FD0D91 /* Debug */ = {
			isa = XCBuildConfiguration;
			buildSettings = {
				ALWAYS_SEARCH_USER_PATHS = NO;
				CLANG_ANALYZER_NONNULL = YES;
				CLANG_CXX_LANGUAGE_STANDARD = "gnu++0x";
				CLANG_CXX_LIBRARY = "libc++";
				CLANG_ENABLE_MODULES = YES;
				CLANG_ENABLE_OBJC_ARC = YES;
				CLANG_WARN_BOOL_CONVERSION = YES;
				CLANG_WARN_CONSTANT_CONVERSION = YES;
				CLANG_WARN_DIRECT_OBJC_ISA_USAGE = YES_ERROR;
				CLANG_WARN_DOCUMENTATION_COMMENTS = YES;
				CLANG_WARN_EMPTY_BODY = YES;
				CLANG_WARN_ENUM_CONVERSION = YES;
				CLANG_WARN_INFINITE_RECURSION = YES;
				CLANG_WARN_INT_CONVERSION = YES;
				CLANG_WARN_OBJC_ROOT_CLASS = YES_ERROR;
				CLANG_WARN_SUSPICIOUS_MOVE = YES;
				CLANG_WARN_UNREACHABLE_CODE = YES;
				CLANG_WARN__DUPLICATE_METHOD_MATCH = YES;
				"CODE_SIGN_IDENTITY[sdk=iphoneos*]" = "iPhone Developer";
				COPY_PHASE_STRIP = NO;
				DEBUG_INFORMATION_FORMAT = dwarf;
				ENABLE_STRICT_OBJC_MSGSEND = YES;
				ENABLE_TESTABILITY = YES;
				GCC_C_LANGUAGE_STANDARD = gnu99;
				GCC_DYNAMIC_NO_PIC = NO;
				GCC_NO_COMMON_BLOCKS = YES;
				GCC_OPTIMIZATION_LEVEL = 0;
				GCC_PREPROCESSOR_DEFINITIONS = (
					"DEBUG=1",
					"$(inherited)",
				);
				GCC_WARN_64_TO_32_BIT_CONVERSION = YES;
				GCC_WARN_ABOUT_RETURN_TYPE = YES_ERROR;
				GCC_WARN_UNDECLARED_SELECTOR = YES;
				GCC_WARN_UNINITIALIZED_AUTOS = YES_AGGRESSIVE;
				GCC_WARN_UNUSED_FUNCTION = YES;
				GCC_WARN_UNUSED_VARIABLE = YES;
				IPHONEOS_DEPLOYMENT_TARGET = 8.0;
				MTL_ENABLE_DEBUG_INFO = YES;
				ONLY_ACTIVE_ARCH = YES;
				SDKROOT = iphoneos;
			};
			name = Debug;
		};
		5BEB2F5720AAA0BD00FD0D91 /* Release */ = {
			isa = XCBuildConfiguration;
			buildSettings = {
				ALWAYS_SEARCH_USER_PATHS = NO;
				CLANG_ANALYZER_NONNULL = YES;
				CLANG_CXX_LANGUAGE_STANDARD = "gnu++0x";
				CLANG_CXX_LIBRARY = "libc++";
				CLANG_ENABLE_MODULES = YES;
				CLANG_ENABLE_OBJC_ARC = YES;
				CLANG_WARN_BOOL_CONVERSION = YES;
				CLANG_WARN_CONSTANT_CONVERSION = YES;
				CLANG_WARN_DIRECT_OBJC_ISA_USAGE = YES_ERROR;
				CLANG_WARN_DOCUMENTATION_COMMENTS = YES;
				CLANG_WARN_EMPTY_BODY = YES;
				CLANG_WARN_ENUM_CONVERSION = YES;
				CLANG_WARN_INFINITE_RECURSION = YES;
				CLANG_WARN_INT_CONVERSION = YES;
				CLANG_WARN_OBJC_ROOT_CLASS = YES_ERROR;
				CLANG_WARN_SUSPICIOUS_MOVE = YES;
				CLANG_WARN_UNREACHABLE_CODE = YES;
				CLANG_WARN__DUPLICATE_METHOD_MATCH = YES;
				"CODE_SIGN_IDENTITY[sdk=iphoneos*]" = "iPhone Developer";
				COPY_PHASE_STRIP = NO;
				DEBUG_INFORMATION_FORMAT = "dwarf-with-dsym";
				ENABLE_NS_ASSERTIONS = NO;
				ENABLE_STRICT_OBJC_MSGSEND = YES;
				GCC_C_LANGUAGE_STANDARD = gnu99;
				GCC_NO_COMMON_BLOCKS = YES;
				GCC_WARN_64_TO_32_BIT_CONVERSION = YES;
				GCC_WARN_ABOUT_RETURN_TYPE = YES_ERROR;
				GCC_WARN_UNDECLARED_SELECTOR = YES;
				GCC_WARN_UNINITIALIZED_AUTOS = YES_AGGRESSIVE;
				GCC_WARN_UNUSED_FUNCTION = YES;
				GCC_WARN_UNUSED_VARIABLE = YES;
				IPHONEOS_DEPLOYMENT_TARGET = 8.0;
				MTL_ENABLE_DEBUG_INFO = NO;
				SDKROOT = iphoneos;
				VALIDATE_PRODUCT = YES;
			};
			name = Release;
		};
		5BEB2F5920AAA0BD00FD0D91 /* Debug */ = {
			isa = XCBuildConfiguration;
			buildSettings = {
				ASSETCATALOG_COMPILER_APPICON_NAME = AppIcon;
				INFOPLIST_FILE = TestTable/Info.plist;
				LD_RUNPATH_SEARCH_PATHS = "$(inherited) @executable_path/Frameworks";
				PRODUCT_BUNDLE_IDENTIFIER = com.yidahulian.TestTable;
				PRODUCT_NAME = "$(TARGET_NAME)";
			};
			name = Debug;
		};
		5BEB2F5A20AAA0BD00FD0D91 /* Release */ = {
			isa = XCBuildConfiguration;
			buildSettings = {
				ASSETCATALOG_COMPILER_APPICON_NAME = AppIcon;
				INFOPLIST_FILE = TestTable/Info.plist;
				LD_RUNPATH_SEARCH_PATHS = "$(inherited) @executable_path/Frameworks";
				PRODUCT_BUNDLE_IDENTIFIER = com.yidahulian.TestTable;
				PRODUCT_NAME = "$(TARGET_NAME)";
			};
			name = Release;
		};
/* End XCBuildConfiguration section */

/* Begin XCConfigurationList section */
		5BEB2F3C20AAA0BB00FD0D91 /* Build configuration list for PBXProject "TestTable" */ = {
			isa = XCConfigurationList;
			buildConfigurations = (
				5BEB2F5620AAA0BD00FD0D91 /* Debug */,
				5BEB2F5720AAA0BD00FD0D91 /* Release */,
			);
			defaultConfigurationIsVisible = 0;
			defaultConfigurationName = Release;
		};
		5BEB2F5820AAA0BD00FD0D91 /* Build configuration list for PBXNativeTarget "TestTable" */ = {
			isa = XCConfigurationList;
			buildConfigurations = (
				5BEB2F5920AAA0BD00FD0D91 /* Debug */,
				5BEB2F5A20AAA0BD00FD0D91 /* Release */,
			);
			defaultConfigurationIsVisible = 0;
		};
/* End XCConfigurationList section */
	};
	rootObject = 5BEB2F3920AAA0BB00FD0D91 /* Project object */;
}
